
Microsoft Visual Studio Solution File, Format Version 12.00
# Visual Studio 2013
VisualStudioVersion = 12.0.21005.1
MinimumVisualStudioVersion = 10.0.40219.1
Project("{2150E333-8FDC-42A3-9474-1A3956D46DE8}") = "Common", "Common", "{1998F742-8E59-4E57-AF69-1FCFDB579B33}"
EndProject
Project("{FAE04EC0-301F-11D3-BF4B-00C04F79EFBC}") = "SXF.Kernel", "SXF.Kernel\SXF.Kernel.csproj", "{65A5648C-2D45-4F45-B869-5E73A8E37E41}"
EndProject
Project("{FAE04EC0-301F-11D3-BF4B-00C04F79EFBC}") = "SXF.Utils", "SXF.Utils\SXF.Utils.csproj", "{AA0752F8-22AC-409F-A500-40A81B9C5D06}"
EndProject
Project("{FAE04EC0-301F-11D3-BF4B-00C04F79EFBC}") = "WebTest", "WebTest\WebTest.csproj", "{6716D1CB-08F8-4257-B5F0-1F9544769839}"
EndProject
Global
	GlobalSection(SolutionConfigurationPlatforms) = preSolution
		Debug|Any CPU = Debug|Any CPU
		Release|Any CPU = Release|Any CPU
	EndGlobalSection
	GlobalSection(ProjectConfigurationPlatforms) = postSolution
		{65A5648C-2D45-4F45-B869-5E73A8E37E41}.Debug|Any CPU.ActiveCfg = Debug|Any CPU
		{65A5648C-2D45-4F45-B869-5E73A8E37E41}.Debug|Any CPU.Build.0 = Debug|Any CPU
		{65A5648C-2D45-4F45-B869-5E73A8E37E41}.Release|Any CPU.ActiveCfg = Release|Any CPU
		{65A5648C-2D45-4F45-B869-5E73A8E37E41}.Release|Any CPU.Build.0 = Release|Any CPU
		{AA0752F8-22AC-409F-A500-40A81B9C5D06}.Debug|Any CPU.ActiveCfg = Debug|Any CPU
		{AA0752F8-22AC-409F-A500-40A81B9C5D06}.Debug|Any CPU.Build.0 = Debug|Any CPU
		{AA0752F8-22AC-409F-A500-40A81B9C5D06}.Release|Any CPU.ActiveCfg = Release|Any CPU
		{AA0752F8-22AC-409F-A500-40A81B9C5D06}.Release|Any CPU.Build.0 = Release|Any CPU
		{6716D1CB-08F8-4257-B5F0-1F9544769839}.Debug|Any CPU.ActiveCfg = Debug|Any CPU
		{6716D1CB-08F8-4257-B5F0-1F9544769839}.Debug|Any CPU.Build.0 = Debug|Any CPU
		{6716D1CB-08F8-4257-B5F0-1F9544769839}.Release|Any CPU.ActiveCfg = Release|Any CPU
		{6716D1CB-08F8-4257-B5F0-1F9544769839}.Release|Any CPU.Build.0 = Release|Any CPU
	EndGlobalSection
	GlobalSection(SolutionProperties) = preSolution
		HideSolutionNode = FALSE
	EndGlobalSection
	GlobalSection(NestedProjects) = preSolution
		{65A5648C-2D45-4F45-B869-5E73A8E37E41} = {1998F742-8E59-4E57-AF69-1FCFDB579B33}
		{AA0752F8-22AC-409F-A500-40A81B9C5D06} = {1998F742-8E59-4E57-AF69-1FCFDB579B33}
	EndGlobalSection
	GlobalSection(TestCaseManagementSettings) = postSolution
		CategoryFile = sxf.vsmdi
	EndGlobalSection
EndGlobal
